
Microsoft Visual Studio Solution File, Format Version 12.00
Project("{FAE04EC0-301F-11D3-BF4B-00C04F79EFBC}") = "UTMMAX", "UTMMAX\UTMMAX.csproj", "{B6BA8DE4-F88E-452F-A374-547C012BECA4}"
EndProject
Project("{2150E333-8FDC-42A3-9474-1A3956D46DE8}") = "Infrastucture", "Infrastucture", "{4992644E-5E0E-43AE-864F-01EE94ADE79C}"
EndProject
Project("{FAE04EC0-301F-11D3-BF4B-00C04F79EFBC}") = "UTMMAX.Core", "UTMMAX.Core\UTMMAX.Core.csproj", "{5E72E523-0CFB-489A-B2C8-86A08AFDF074}"
EndProject
Project("{FAE04EC0-301F-11D3-BF4B-00C04F79EFBC}") = "UTMMAX.Migrations.Evolve", "UTMMAX.Migrations.Evolve\UTMMAX.Migrations.Evolve.csproj", "{9198A116-2AC3-4BFB-B480-4563A78231F8}"
EndProject
Project("{FAE04EC0-301F-11D3-BF4B-00C04F79EFBC}") = "UTMMAX.Repository", "UTMMAX.Repository\UTMMAX.Repository.csproj", "{A003BDE2-BD20-4ACF-9288-117E18BF1A5A}"
EndProject
Project("{FAE04EC0-301F-11D3-BF4B-00C04F79EFBC}") = "UTMMAX.Domain", "UTMMAX.Domain\UTMMAX.Domain.csproj", "{C1237906-A7C1-4255-BEC3-78A653763E5A}"
EndProject
Project("{FAE04EC0-301F-11D3-BF4B-00C04F79EFBC}") = "UTMMAX.Service", "UTMMAX.Service\UTMMAX.Service.csproj", "{14FE4B4C-D943-4B84-8CAF-4393B01D1DB1}"
EndProject
Project("{FAE04EC0-301F-11D3-BF4B-00C04F79EFBC}") = "UTMMAX.Mvc.Extensions", "UTMMAX.Mvc.Extensions\UTMMAX.Mvc.Extensions.csproj", "{45FF1E7B-5FEF-405A-8E65-556196B07198}"
EndProject
Project("{FAE04EC0-301F-11D3-BF4B-00C04F79EFBC}") = "UTMMAX.Framework", "UTMMAX.Framework\UTMMAX.Framework.csproj", "{B7301F8C-ABAD-4FA2-90DE-7E2D93C031A9}"
EndProject
Project("{FAE04EC0-301F-11D3-BF4B-00C04F79EFBC}") = "UTMMAX.Authentication.Jwt", "UTMMAX.Authentication.Jwt\UTMMAX.Authentication.Jwt.csproj", "{E5BF40DB-74B6-4E8C-B98C-61265FFE6904}"
EndProject
Project("{FAE04EC0-301F-11D3-BF4B-00C04F79EFBC}") = "UTMMAX.Kinopoisk", "UTMMAX.Kinopoisk\UTMMAX.Kinopoisk.csproj", "{EFFE2A6E-A698-48AF-9250-AA8B55AA8F2E}"
EndProject
Project("{FAE04EC0-301F-11D3-BF4B-00C04F79EFBC}") = "UTMMAX.Files", "UTMMAX.Files\UTMMAX.Files.csproj", "{EBE65141-EBC4-4F4D-BD83-2E880533DD38}"
EndProject
Project("{FAE04EC0-301F-11D3-BF4B-00C04F79EFBC}") = "UTMMAX.Youtube", "UTMMAX.Youtube\UTMMAX.Youtube.csproj", "{CDD07439-A545-4104-BAB6-2B5C46069E09}"
EndProject
Global
	GlobalSection(SolutionConfigurationPlatforms) = preSolution
		Debug|Any CPU = Debug|Any CPU
		Release|Any CPU = Release|Any CPU
	EndGlobalSection
	GlobalSection(ProjectConfigurationPlatforms) = postSolution
		{B6BA8DE4-F88E-452F-A374-547C012BECA4}.Debug|Any CPU.ActiveCfg = Debug|Any CPU
		{B6BA8DE4-F88E-452F-A374-547C012BECA4}.Debug|Any CPU.Build.0 = Debug|Any CPU
		{B6BA8DE4-F88E-452F-A374-547C012BECA4}.Release|Any CPU.ActiveCfg = Release|Any CPU
		{B6BA8DE4-F88E-452F-A374-547C012BECA4}.Release|Any CPU.Build.0 = Release|Any CPU
		{5E72E523-0CFB-489A-B2C8-86A08AFDF074}.Debug|Any CPU.ActiveCfg = Debug|Any CPU
		{5E72E523-0CFB-489A-B2C8-86A08AFDF074}.Debug|Any CPU.Build.0 = Debug|Any CPU
		{5E72E523-0CFB-489A-B2C8-86A08AFDF074}.Release|Any CPU.ActiveCfg = Release|Any CPU
		{5E72E523-0CFB-489A-B2C8-86A08AFDF074}.Release|Any CPU.Build.0 = Release|Any CPU
		{9198A116-2AC3-4BFB-B480-4563A78231F8}.Debug|Any CPU.ActiveCfg = Debug|Any CPU
		{9198A116-2AC3-4BFB-B480-4563A78231F8}.Debug|Any CPU.Build.0 = Debug|Any CPU
		{9198A116-2AC3-4BFB-B480-4563A78231F8}.Release|Any CPU.ActiveCfg = Release|Any CPU
		{9198A116-2AC3-4BFB-B480-4563A78231F8}.Release|Any CPU.Build.0 = Release|Any CPU
		{A003BDE2-BD20-4ACF-9288-117E18BF1A5A}.Debug|Any CPU.ActiveCfg = Debug|Any CPU
		{A003BDE2-BD20-4ACF-9288-117E18BF1A5A}.Debug|Any CPU.Build.0 = Debug|Any CPU
		{A003BDE2-BD20-4ACF-9288-117E18BF1A5A}.Release|Any CPU.ActiveCfg = Release|Any CPU
		{A003BDE2-BD20-4ACF-9288-117E18BF1A5A}.Release|Any CPU.Build.0 = Release|Any CPU
		{C1237906-A7C1-4255-BEC3-78A653763E5A}.Debug|Any CPU.ActiveCfg = Debug|Any CPU
		{C1237906-A7C1-4255-BEC3-78A653763E5A}.Debug|Any CPU.Build.0 = Debug|Any CPU
		{C1237906-A7C1-4255-BEC3-78A653763E5A}.Release|Any CPU.ActiveCfg = Release|Any CPU
		{C1237906-A7C1-4255-BEC3-78A653763E5A}.Release|Any CPU.Build.0 = Release|Any CPU
		{14FE4B4C-D943-4B84-8CAF-4393B01D1DB1}.Debug|Any CPU.ActiveCfg = Debug|Any CPU
		{14FE4B4C-D943-4B84-8CAF-4393B01D1DB1}.Debug|Any CPU.Build.0 = Debug|Any CPU
		{14FE4B4C-D943-4B84-8CAF-4393B01D1DB1}.Release|Any CPU.ActiveCfg = Release|Any CPU
		{14FE4B4C-D943-4B84-8CAF-4393B01D1DB1}.Release|Any CPU.Build.0 = Release|Any CPU
		{45FF1E7B-5FEF-405A-8E65-556196B07198}.Debug|Any CPU.ActiveCfg = Debug|Any CPU
		{45FF1E7B-5FEF-405A-8E65-556196B07198}.Debug|Any CPU.Build.0 = Debug|Any CPU
		{45FF1E7B-5FEF-405A-8E65-556196B07198}.Release|Any CPU.ActiveCfg = Release|Any CPU
		{45FF1E7B-5FEF-405A-8E65-556196B07198}.Release|Any CPU.Build.0 = Release|Any CPU
		{B7301F8C-ABAD-4FA2-90DE-7E2D93C031A9}.Debug|Any CPU.ActiveCfg = Debug|Any CPU
		{B7301F8C-ABAD-4FA2-90DE-7E2D93C031A9}.Debug|Any CPU.Build.0 = Debug|Any CPU
		{B7301F8C-ABAD-4FA2-90DE-7E2D93C031A9}.Release|Any CPU.ActiveCfg = Release|Any CPU
		{B7301F8C-ABAD-4FA2-90DE-7E2D93C031A9}.Release|Any CPU.Build.0 = Release|Any CPU
		{E5BF40DB-74B6-4E8C-B98C-61265FFE6904}.Debug|Any CPU.ActiveCfg = Debug|Any CPU
		{E5BF40DB-74B6-4E8C-B98C-61265FFE6904}.Debug|Any CPU.Build.0 = Debug|Any CPU
		{E5BF40DB-74B6-4E8C-B98C-61265FFE6904}.Release|Any CPU.ActiveCfg = Release|Any CPU
		{E5BF40DB-74B6-4E8C-B98C-61265FFE6904}.Release|Any CPU.Build.0 = Release|Any CPU
		{EFFE2A6E-A698-48AF-9250-AA8B55AA8F2E}.Debug|Any CPU.ActiveCfg = Debug|Any CPU
		{EFFE2A6E-A698-48AF-9250-AA8B55AA8F2E}.Debug|Any CPU.Build.0 = Debug|Any CPU
		{EFFE2A6E-A698-48AF-9250-AA8B55AA8F2E}.Release|Any CPU.ActiveCfg = Release|Any CPU
		{EFFE2A6E-A698-48AF-9250-AA8B55AA8F2E}.Release|Any CPU.Build.0 = Release|Any CPU
		{EBE65141-EBC4-4F4D-BD83-2E880533DD38}.Debug|Any CPU.ActiveCfg = Debug|Any CPU
		{EBE65141-EBC4-4F4D-BD83-2E880533DD38}.Debug|Any CPU.Build.0 = Debug|Any CPU
		{EBE65141-EBC4-4F4D-BD83-2E880533DD38}.Release|Any CPU.ActiveCfg = Release|Any CPU
		{EBE65141-EBC4-4F4D-BD83-2E880533DD38}.Release|Any CPU.Build.0 = Release|Any CPU
		{CDD07439-A545-4104-BAB6-2B5C46069E09}.Debug|Any CPU.ActiveCfg = Debug|Any CPU
		{CDD07439-A545-4104-BAB6-2B5C46069E09}.Debug|Any CPU.Build.0 = Debug|Any CPU
		{CDD07439-A545-4104-BAB6-2B5C46069E09}.Release|Any CPU.ActiveCfg = Release|Any CPU
		{CDD07439-A545-4104-BAB6-2B5C46069E09}.Release|Any CPU.Build.0 = Release|Any CPU
	EndGlobalSection
	GlobalSection(NestedProjects) = preSolution
		{5E72E523-0CFB-489A-B2C8-86A08AFDF074} = {4992644E-5E0E-43AE-864F-01EE94ADE79C}
		{9198A116-2AC3-4BFB-B480-4563A78231F8} = {4992644E-5E0E-43AE-864F-01EE94ADE79C}
		{45FF1E7B-5FEF-405A-8E65-556196B07198} = {4992644E-5E0E-43AE-864F-01EE94ADE79C}
		{E5BF40DB-74B6-4E8C-B98C-61265FFE6904} = {4992644E-5E0E-43AE-864F-01EE94ADE79C}
		{EFFE2A6E-A698-48AF-9250-AA8B55AA8F2E} = {4992644E-5E0E-43AE-864F-01EE94ADE79C}
		{EBE65141-EBC4-4F4D-BD83-2E880533DD38} = {4992644E-5E0E-43AE-864F-01EE94ADE79C}
		{CDD07439-A545-4104-BAB6-2B5C46069E09} = {4992644E-5E0E-43AE-864F-01EE94ADE79C}
	EndGlobalSection
EndGlobal
